
Microsoft Visual Studio Solution File, Format Version 12.00
# Visual Studio 15
VisualStudioVersion = 15.0.28307.102
MinimumVisualStudioVersion = 10.0.40219.1
Project("{FAE04EC0-301F-11D3-BF4B-00C04F79EFBC}") = "Lesson_01", "Lesson_01\Lesson_01.csproj", "{91FE3AFA-72A6-44D7-B258-C21A24B7AB4A}"
EndProject
Global
	GlobalSection(SolutionConfigurationPlatforms) = preSolution
		Debug|Any CPU = Debug|Any CPU
		Release|Any CPU = Release|Any CPU
	EndGlobalSection
	GlobalSection(ProjectConfigurationPlatforms) = postSolution
		{91FE3AFA-72A6-44D7-B258-C21A24B7AB4A}.Debug|Any CPU.ActiveCfg = Debug|Any CPU
		{91FE3AFA-72A6-44D7-B258-C21A24B7AB4A}.Debug|Any CPU.Build.0 = Debug|Any CPU
		{91FE3AFA-72A6-44D7-B258-C21A24B7AB4A}.Release|Any CPU.ActiveCfg = Release|Any CPU
		{91FE3AFA-72A6-44D7-B258-C21A24B7AB4A}.Release|Any CPU.Build.0 = Release|Any CPU
	EndGlobalSection
	GlobalSection(SolutionProperties) = preSolution
		HideSolutionNode = FALSE
	EndGlobalSection
	GlobalSection(ExtensibilityGlobals) = postSolution
		SolutionGuid = {62FC00AD-9CD8-45AD-A03E-C2281EC498D4}
	EndGlobalSection
EndGlobal
