
Microsoft Visual Studio Solution File, Format Version 12.00
# Visual Studio 15
VisualStudioVersion = 15.0.28307.102
MinimumVisualStudioVersion = 10.0.40219.1
Project("{9A19103F-16F7-4668-BE54-9A1E7A4F7556}") = "Lesson_01", "Lesson_01\Lesson_01.csproj", "{91FE3AFA-72A6-44D7-B258-C21A24B7AB4A}"
EndProject
Project("{9A19103F-16F7-4668-BE54-9A1E7A4F7556}") = "Lesson_02", "Lesson_02\Lesson_02.csproj", "{EBCB5608-1A63-4A62-A3AF-5D23CE88F1ED}"
EndProject
Project("{9A19103F-16F7-4668-BE54-9A1E7A4F7556}") = "Lesson_03", "Lesson_03\Lesson_03.csproj", "{F4A9DAF7-3819-4110-9919-C1A73CDD932E}"
EndProject
Project("{FAE04EC0-301F-11D3-BF4B-00C04F79EFBC}") = "Lesson_04", "Lesson_04\Lesson_04.csproj", "{19D2D85B-BD0D-4479-B62A-300EDC7BC50F}"
EndProject
Global
	GlobalSection(SolutionConfigurationPlatforms) = preSolution
		Debug|Any CPU = Debug|Any CPU
		Release|Any CPU = Release|Any CPU
	EndGlobalSection
	GlobalSection(ProjectConfigurationPlatforms) = postSolution
		{91FE3AFA-72A6-44D7-B258-C21A24B7AB4A}.Debug|Any CPU.ActiveCfg = Debug|Any CPU
		{91FE3AFA-72A6-44D7-B258-C21A24B7AB4A}.Debug|Any CPU.Build.0 = Debug|Any CPU
		{91FE3AFA-72A6-44D7-B258-C21A24B7AB4A}.Release|Any CPU.ActiveCfg = Release|Any CPU
		{91FE3AFA-72A6-44D7-B258-C21A24B7AB4A}.Release|Any CPU.Build.0 = Release|Any CPU
		{EBCB5608-1A63-4A62-A3AF-5D23CE88F1ED}.Debug|Any CPU.ActiveCfg = Debug|Any CPU
		{EBCB5608-1A63-4A62-A3AF-5D23CE88F1ED}.Debug|Any CPU.Build.0 = Debug|Any CPU
		{EBCB5608-1A63-4A62-A3AF-5D23CE88F1ED}.Release|Any CPU.ActiveCfg = Release|Any CPU
		{EBCB5608-1A63-4A62-A3AF-5D23CE88F1ED}.Release|Any CPU.Build.0 = Release|Any CPU
		{F4A9DAF7-3819-4110-9919-C1A73CDD932E}.Debug|Any CPU.ActiveCfg = Debug|Any CPU
		{F4A9DAF7-3819-4110-9919-C1A73CDD932E}.Debug|Any CPU.Build.0 = Debug|Any CPU
		{F4A9DAF7-3819-4110-9919-C1A73CDD932E}.Release|Any CPU.ActiveCfg = Release|Any CPU
		{F4A9DAF7-3819-4110-9919-C1A73CDD932E}.Release|Any CPU.Build.0 = Release|Any CPU
		{19D2D85B-BD0D-4479-B62A-300EDC7BC50F}.Debug|Any CPU.ActiveCfg = Debug|Any CPU
		{19D2D85B-BD0D-4479-B62A-300EDC7BC50F}.Debug|Any CPU.Build.0 = Debug|Any CPU
		{19D2D85B-BD0D-4479-B62A-300EDC7BC50F}.Release|Any CPU.ActiveCfg = Release|Any CPU
		{19D2D85B-BD0D-4479-B62A-300EDC7BC50F}.Release|Any CPU.Build.0 = Release|Any CPU
	EndGlobalSection
	GlobalSection(SolutionProperties) = preSolution
		HideSolutionNode = FALSE
	EndGlobalSection
	GlobalSection(ExtensibilityGlobals) = postSolution
		SolutionGuid = {62FC00AD-9CD8-45AD-A03E-C2281EC498D4}
	EndGlobalSection
EndGlobal
